# This file is automatically @generated by Cargo.
# It is not intended for manual editing.
version = 3

[[package]]
name = "swisskit"
version = "0.0.0"

[[package]]
name = "zo"
version = "0.0.0"
dependencies = [
 "swisskit",
]

[[package]]
name = "zoa"
version = "0.0.0"
dependencies = [
 "swisskit",
]

[[package]]
name = "zoc"
version = "0.0.0"
dependencies = [
 "swisskit",
]

[[package]]
name = "zom"
version = "0.0.0"
dependencies = [
 "swisskit",
]

[[package]]
name = "zop"
version = "0.0.0"
dependencies = [
 "swisskit",
]

[[package]]
name = "zow"
version = "0.0.0"
dependencies = [
 "swisskit",
]
